// !$*UTF8*$!
{
	archiveVersion = 1;
	classes = {
	};
	objectVersion = 77;
	objects = {

/* Begin PBXBuildFile section */
		35509CF42D0DF7B1005A25ED /* FirebaseAnalytics in Frameworks */ = {isa = PBXBuildFile; productRef = 35509CF32D0DF7B1005A25ED /* FirebaseAnalytics */; };
		35509CF62D0DF7B1005A25ED /* FirebaseAnalyticsOnDeviceConversion in Frameworks */ = {isa = PBXBuildFile; productRef = 35509CF52D0DF7B1005A25ED /* FirebaseAnalyticsOnDeviceConversion */; };
		35509CF82D0DF7B1005A25ED /* FirebaseAnalyticsWithoutAdIdSupport in Frameworks */ = {isa = PBXBuildFile; productRef = 35509CF72D0DF7B1005A25ED /* FirebaseAnalyticsWithoutAdIdSupport */; };
		35509CFA2D0DF7B1005A25ED /* FirebaseAppCheck in Frameworks */ = {isa = PBXBuildFile; productRef = 35509CF92D0DF7B1005A25ED /* FirebaseAppCheck */; };
		35509CFC2D0DF7B1005A25ED /* FirebaseAppDistribution-Beta in Frameworks */ = {isa = PBXBuildFile; productRef = 35509CFB2D0DF7B1005A25ED /* FirebaseAppDistribution-Beta */; };
		35509CFE2D0DF7B1005A25ED /* FirebaseAuth in Frameworks */ = {isa = PBXBuildFile; productRef = 35509CFD2D0DF7B1005A25ED /* FirebaseAuth */; };
		35509D002D0DF7B1005A25ED /* FirebaseAuthCombine-Community in Frameworks */ = {isa = PBXBuildFile; productRef = 35509CFF2D0DF7B1005A25ED /* FirebaseAuthCombine-Community */; };
		35509D022D0DF7B1005A25ED /* FirebaseCore in Frameworks */ = {isa = PBXBuildFile; productRef = 35509D012D0DF7B1005A25ED /* FirebaseCore */; };
		35509D042D0DF7B1005A25ED /* FirebaseCrashlytics in Frameworks */ = {isa = PBXBuildFile; productRef = 35509D032D0DF7B1005A25ED /* FirebaseCrashlytics */; };
		35509D062D0DF7B1005A25ED /* FirebaseDatabase in Frameworks */ = {isa = PBXBuildFile; productRef = 35509D052D0DF7B1005A25ED /* FirebaseDatabase */; };
		35509D082D0DF7B1005A25ED /* FirebaseDynamicLinks in Frameworks */ = {isa = PBXBuildFile; productRef = 35509D072D0DF7B1005A25ED /* FirebaseDynamicLinks */; };
		35509D0A2D0DF7B1005A25ED /* FirebaseFirestore in Frameworks */ = {isa = PBXBuildFile; productRef = 35509D092D0DF7B1005A25ED /* FirebaseFirestore */; };
		35509D0C2D0DF7B1005A25ED /* FirebaseFirestoreCombine-Community in Frameworks */ = {isa = PBXBuildFile; productRef = 35509D0B2D0DF7B1005A25ED /* FirebaseFirestoreCombine-Community */; };
		35509D0E2D0DF7B1005A25ED /* FirebaseFunctions in Frameworks */ = {isa = PBXBuildFile; productRef = 35509D0D2D0DF7B1005A25ED /* FirebaseFunctions */; };
		35509D102D0DF7B1005A25ED /* FirebaseFunctionsCombine-Community in Frameworks */ = {isa = PBXBuildFile; productRef = 35509D0F2D0DF7B1005A25ED /* FirebaseFunctionsCombine-Community */; };
		35509D122D0DF7B1005A25ED /* FirebaseInAppMessaging-Beta in Frameworks */ = {isa = PBXBuildFile; productRef = 35509D112D0DF7B1005A25ED /* FirebaseInAppMessaging-Beta */; };
		35509D142D0DF7B1005A25ED /* FirebaseInstallations in Frameworks */ = {isa = PBXBuildFile; productRef = 35509D132D0DF7B1005A25ED /* FirebaseInstallations */; };
		35509D162D0DF7B1005A25ED /* FirebaseMessaging in Frameworks */ = {isa = PBXBuildFile; productRef = 35509D152D0DF7B1005A25ED /* FirebaseMessaging */; };
		35509D182D0DF7B1005A25ED /* FirebasePerformance in Frameworks */ = {isa = PBXBuildFile; productRef = 35509D172D0DF7B1005A25ED /* FirebasePerformance */; };
		35509D1A2D0DF7B1005A25ED /* FirebaseRemoteConfig in Frameworks */ = {isa = PBXBuildFile; productRef = 35509D192D0DF7B1005A25ED /* FirebaseRemoteConfig */; };
		35509D1C2D0DF7B1005A25ED /* FirebaseStorage in Frameworks */ = {isa = PBXBuildFile; productRef = 35509D1B2D0DF7B1005A25ED /* FirebaseStorage */; };
		35509D1E2D0DF7B1005A25ED /* FirebaseStorageCombine-Community in Frameworks */ = {isa = PBXBuildFile; productRef = 35509D1D2D0DF7B1005A25ED /* FirebaseStorageCombine-Community */; };
/* End PBXBuildFile section */

/* Begin PBXFileReference section */
		49C4A2A52CE88CF2005E3ECF /* TabBarControllerPawPal.app */ = {isa = PBXFileReference; explicitFileType = wrapper.application; includeInIndex = 0; path = TabBarControllerPawPal.app; sourceTree = BUILT_PRODUCTS_DIR; };
/* End PBXFileReference section */

/* Begin PBXFileSystemSynchronizedBuildFileExceptionSet section */
		49240C402CDBA93B00A32BC1 /* Exceptions for "TabBarControllerPawPal" folder in "TabBarControllerPawPal" target */ = {
			isa = PBXFileSystemSynchronizedBuildFileExceptionSet;
			membershipExceptions = (
				Info.plist,
			);
			target = 49240C2D2CDBA93A00A32BC1 /* TabBarControllerPawPal */;
		};
/* End PBXFileSystemSynchronizedBuildFileExceptionSet section */

/* Begin PBXFileSystemSynchronizedRootGroup section */
		49240C302CDBA93A00A32BC1 /* TabBarControllerPawPal */ = {
			isa = PBXFileSystemSynchronizedRootGroup;
			exceptions = (
				49240C402CDBA93B00A32BC1 /* Exceptions for "TabBarControllerPawPal" folder in "TabBarControllerPawPal" target */,
			);
			path = TabBarControllerPawPal;
			sourceTree = "<group>";
		};
/* End PBXFileSystemSynchronizedRootGroup section */

/* Begin PBXFrameworksBuildPhase section */
		49240C2B2CDBA93A00A32BC1 /* Frameworks */ = {
			isa = PBXFrameworksBuildPhase;
			buildActionMask = 2147483647;
			files = (
				35509D1E2D0DF7B1005A25ED /* FirebaseStorageCombine-Community in Frameworks */,
				35509D162D0DF7B1005A25ED /* FirebaseMessaging in Frameworks */,
				35509D0C2D0DF7B1005A25ED /* FirebaseFirestoreCombine-Community in Frameworks */,
				35509D0E2D0DF7B1005A25ED /* FirebaseFunctions in Frameworks */,
				35509D062D0DF7B1005A25ED /* FirebaseDatabase in Frameworks */,
				35509D082D0DF7B1005A25ED /* FirebaseDynamicLinks in Frameworks */,
				35509CFA2D0DF7B1005A25ED /* FirebaseAppCheck in Frameworks */,
				35509CFE2D0DF7B1005A25ED /* FirebaseAuth in Frameworks */,
				35509CF42D0DF7B1005A25ED /* FirebaseAnalytics in Frameworks */,
				35509D0A2D0DF7B1005A25ED /* FirebaseFirestore in Frameworks */,
				35509D142D0DF7B1005A25ED /* FirebaseInstallations in Frameworks */,
				35509D102D0DF7B1005A25ED /* FirebaseFunctionsCombine-Community in Frameworks */,
				35509D1C2D0DF7B1005A25ED /* FirebaseStorage in Frameworks */,
				35509CFC2D0DF7B1005A25ED /* FirebaseAppDistribution-Beta in Frameworks */,
				35509CF82D0DF7B1005A25ED /* FirebaseAnalyticsWithoutAdIdSupport in Frameworks */,
				35509D122D0DF7B1005A25ED /* FirebaseInAppMessaging-Beta in Frameworks */,
				35509D182D0DF7B1005A25ED /* FirebasePerformance in Frameworks */,
				35509D002D0DF7B1005A25ED /* FirebaseAuthCombine-Community in Frameworks */,
				35509D042D0DF7B1005A25ED /* FirebaseCrashlytics in Frameworks */,
				35509D022D0DF7B1005A25ED /* FirebaseCore in Frameworks */,
				35509CF62D0DF7B1005A25ED /* FirebaseAnalyticsOnDeviceConversion in Frameworks */,
				35509D1A2D0DF7B1005A25ED /* FirebaseRemoteConfig in Frameworks */,
			);
			runOnlyForDeploymentPostprocessing = 0;
		};
/* End PBXFrameworksBuildPhase section */

/* Begin PBXGroup section */
		49240C252CDBA93A00A32BC1 = {
			isa = PBXGroup;
			children = (
				49240C302CDBA93A00A32BC1 /* TabBarControllerPawPal */,
				49C4A2A52CE88CF2005E3ECF /* TabBarControllerPawPal.app */,
			);
			sourceTree = "<group>";
		};
/* End PBXGroup section */

/* Begin PBXNativeTarget section */
		49240C2D2CDBA93A00A32BC1 /* TabBarControllerPawPal */ = {
			isa = PBXNativeTarget;
			buildConfigurationList = 49240C412CDBA93B00A32BC1 /* Build configuration list for PBXNativeTarget "TabBarControllerPawPal" */;
			buildPhases = (
				49240C2A2CDBA93A00A32BC1 /* Sources */,
				49240C2B2CDBA93A00A32BC1 /* Frameworks */,
				49240C2C2CDBA93A00A32BC1 /* Resources */,
			);
			buildRules = (
			);
			dependencies = (
			);
			fileSystemSynchronizedGroups = (
				49240C302CDBA93A00A32BC1 /* TabBarControllerPawPal */,
			);
			name = TabBarControllerPawPal;
			packageProductDependencies = (
				35509CF32D0DF7B1005A25ED /* FirebaseAnalytics */,
				35509CF52D0DF7B1005A25ED /* FirebaseAnalyticsOnDeviceConversion */,
				35509CF72D0DF7B1005A25ED /* FirebaseAnalyticsWithoutAdIdSupport */,
				35509CF92D0DF7B1005A25ED /* FirebaseAppCheck */,
				35509CFB2D0DF7B1005A25ED /* FirebaseAppDistribution-Beta */,
				35509CFD2D0DF7B1005A25ED /* FirebaseAuth */,
				35509CFF2D0DF7B1005A25ED /* FirebaseAuthCombine-Community */,
				35509D012D0DF7B1005A25ED /* FirebaseCore */,
				35509D032D0DF7B1005A25ED /* FirebaseCrashlytics */,
				35509D052D0DF7B1005A25ED /* FirebaseDatabase */,
				35509D072D0DF7B1005A25ED /* FirebaseDynamicLinks */,
				35509D092D0DF7B1005A25ED /* FirebaseFirestore */,
				35509D0B2D0DF7B1005A25ED /* FirebaseFirestoreCombine-Community */,
				35509D0D2D0DF7B1005A25ED /* FirebaseFunctions */,
				35509D0F2D0DF7B1005A25ED /* FirebaseFunctionsCombine-Community */,
				35509D112D0DF7B1005A25ED /* FirebaseInAppMessaging-Beta */,
				35509D132D0DF7B1005A25ED /* FirebaseInstallations */,
				35509D152D0DF7B1005A25ED /* FirebaseMessaging */,
				35509D172D0DF7B1005A25ED /* FirebasePerformance */,
				35509D192D0DF7B1005A25ED /* FirebaseRemoteConfig */,
				35509D1B2D0DF7B1005A25ED /* FirebaseStorage */,
				35509D1D2D0DF7B1005A25ED /* FirebaseStorageCombine-Community */,
			);
			productName = TabBarControllerPawPal;
			productReference = 49C4A2A52CE88CF2005E3ECF /* TabBarControllerPawPal.app */;
			productType = "com.apple.product-type.application";
		};
/* End PBXNativeTarget section */

/* Begin PBXProject section */
		49240C262CDBA93A00A32BC1 /* Project object */ = {
			isa = PBXProject;
			attributes = {
				BuildIndependentTargetsInParallel = 1;
				LastSwiftUpdateCheck = 1600;
				LastUpgradeCheck = 1600;
				TargetAttributes = {
					49240C2D2CDBA93A00A32BC1 = {
						CreatedOnToolsVersion = 16.0;
					};
				};
			};
			buildConfigurationList = 49240C292CDBA93A00A32BC1 /* Build configuration list for PBXProject "TabBarControllerPAWAN" */;
			developmentRegion = en;
			hasScannedForEncodings = 0;
			knownRegions = (
				en,
				Base,
			);
			mainGroup = 49240C252CDBA93A00A32BC1;
			minimizedProjectReferenceProxies = 1;
			packageReferences = (
				35509CF22D0DF617005A25ED /* XCRemoteSwiftPackageReference "firebase-ios-sdk" */,
			);
			preferredProjectObjectVersion = 77;
			productRefGroup = 49240C252CDBA93A00A32BC1;
			projectDirPath = "";
			projectRoot = "";
			targets = (
				49240C2D2CDBA93A00A32BC1 /* TabBarControllerPawPal */,
			);
		};
/* End PBXProject section */

/* Begin PBXResourcesBuildPhase section */
		49240C2C2CDBA93A00A32BC1 /* Resources */ = {
			isa = PBXResourcesBuildPhase;
			buildActionMask = 2147483647;
			files = (
			);
			runOnlyForDeploymentPostprocessing = 0;
		};
/* End PBXResourcesBuildPhase section */

/* Begin PBXSourcesBuildPhase section */
		49240C2A2CDBA93A00A32BC1 /* Sources */ = {
			isa = PBXSourcesBuildPhase;
			buildActionMask = 2147483647;
			files = (
			);
			runOnlyForDeploymentPostprocessing = 0;
		};
/* End PBXSourcesBuildPhase section */

/* Begin XCBuildConfiguration section */
		49240C422CDBA93B00A32BC1 /* Debug */ = {
			isa = XCBuildConfiguration;
			buildSettings = {
				ASSETCATALOG_COMPILER_APPICON_NAME = AppIcon;
				ASSETCATALOG_COMPILER_GLOBAL_ACCENT_COLOR_NAME = AccentColor;
				CODE_SIGN_STYLE = Automatic;
				CURRENT_PROJECT_VERSION = 1;
				DEVELOPMENT_TEAM = VZ6G589YY2;
				GENERATE_INFOPLIST_FILE = YES;
				INFOPLIST_FILE = TabBarControllerPawPal/Info.plist;
				INFOPLIST_KEY_UIApplicationSupportsIndirectInputEvents = YES;
				INFOPLIST_KEY_UILaunchStoryboardName = LaunchScreen;
				INFOPLIST_KEY_UIMainStoryboardFile = Main;
				INFOPLIST_KEY_UISupportedInterfaceOrientations_iPad = "UIInterfaceOrientationPortrait UIInterfaceOrientationPortraitUpsideDown UIInterfaceOrientationLandscapeLeft UIInterfaceOrientationLandscapeRight";
				INFOPLIST_KEY_UISupportedInterfaceOrientations_iPhone = "UIInterfaceOrientationPortrait UIInterfaceOrientationLandscapeLeft UIInterfaceOrientationLandscapeRight";
				IPHONEOS_DEPLOYMENT_TARGET = 18.0;
				LD_RUNPATH_SEARCH_PATHS = (
					"$(inherited)",
					"@executable_path/Frameworks",
				);
				MARKETING_VERSION = 1.0;
				PRODUCT_BUNDLE_IDENTIFIER = organization.TabBarControllerPawPal;
				PRODUCT_NAME = "$(TARGET_NAME)";
				SWIFT_EMIT_LOC_STRINGS = YES;
				SWIFT_VERSION = 5.0;
				TARGETED_DEVICE_FAMILY = "1,2";
			};
			name = Debug;
		};
		49240C432CDBA93B00A32BC1 /* Release */ = {
			isa = XCBuildConfiguration;
			buildSettings = {
				ASSETCATALOG_COMPILER_APPICON_NAME = AppIcon;
				ASSETCATALOG_COMPILER_GLOBAL_ACCENT_COLOR_NAME = AccentColor;
				CODE_SIGN_STYLE = Automatic;
				CURRENT_PROJECT_VERSION = 1;
				DEVELOPMENT_TEAM = VZ6G589YY2;
				GENERATE_INFOPLIST_FILE = YES;
				INFOPLIST_FILE = TabBarControllerPawPal/Info.plist;
				INFOPLIST_KEY_UIApplicationSupportsIndirectInputEvents = YES;
				INFOPLIST_KEY_UILaunchStoryboardName = LaunchScreen;
				INFOPLIST_KEY_UIMainStoryboardFile = Main;
				INFOPLIST_KEY_UISupportedInterfaceOrientations_iPad = "UIInterfaceOrientationPortrait UIInterfaceOrientationPortraitUpsideDown UIInterfaceOrientationLandscapeLeft UIInterfaceOrientationLandscapeRight";
				INFOPLIST_KEY_UISupportedInterfaceOrientations_iPhone = "UIInterfaceOrientationPortrait UIInterfaceOrientationLandscapeLeft UIInterfaceOrientationLandscapeRight";
				IPHONEOS_DEPLOYMENT_TARGET = 18.0;
				LD_RUNPATH_SEARCH_PATHS = (
					"$(inherited)",
					"@executable_path/Frameworks",
				);
				MARKETING_VERSION = 1.0;
				PRODUCT_BUNDLE_IDENTIFIER = organization.TabBarControllerPawPal;
				PRODUCT_NAME = "$(TARGET_NAME)";
				SWIFT_EMIT_LOC_STRINGS = YES;
				SWIFT_VERSION = 5.0;
				TARGETED_DEVICE_FAMILY = "1,2";
			};
			name = Release;
		};
		49240C442CDBA93B00A32BC1 /* Debug */ = {
			isa = XCBuildConfiguration;
			buildSettings = {
				ALWAYS_SEARCH_USER_PATHS = NO;
				ASSETCATALOG_COMPILER_GENERATE_SWIFT_ASSET_SYMBOL_EXTENSIONS = YES;
				CLANG_ANALYZER_NONNULL = YES;
				CLANG_ANALYZER_NUMBER_OBJECT_CONVERSION = YES_AGGRESSIVE;
				CLANG_CXX_LANGUAGE_STANDARD = "gnu++20";
				CLANG_ENABLE_MODULES = YES;
				CLANG_ENABLE_OBJC_ARC = YES;
				CLANG_ENABLE_OBJC_WEAK = YES;
				CLANG_WARN_BLOCK_CAPTURE_AUTORELEASING = YES;
				CLANG_WARN_BOOL_CONVERSION = YES;
				CLANG_WARN_COMMA = YES;
				CLANG_WARN_CONSTANT_CONVERSION = YES;
				CLANG_WARN_DEPRECATED_OBJC_IMPLEMENTATIONS = YES;
				CLANG_WARN_DIRECT_OBJC_ISA_USAGE = YES_ERROR;
				CLANG_WARN_DOCUMENTATION_COMMENTS = YES;
				CLANG_WARN_EMPTY_BODY = YES;
				CLANG_WARN_ENUM_CONVERSION = YES;
				CLANG_WARN_INFINITE_RECURSION = YES;
				CLANG_WARN_INT_CONVERSION = YES;
				CLANG_WARN_NON_LITERAL_NULL_CONVERSION = YES;
				CLANG_WARN_OBJC_IMPLICIT_RETAIN_SELF = YES;
				CLANG_WARN_OBJC_LITERAL_CONVERSION = YES;
				CLANG_WARN_OBJC_ROOT_CLASS = YES_ERROR;
				CLANG_WARN_QUOTED_INCLUDE_IN_FRAMEWORK_HEADER = YES;
				CLANG_WARN_RANGE_LOOP_ANALYSIS = YES;
				CLANG_WARN_STRICT_PROTOTYPES = YES;
				CLANG_WARN_SUSPICIOUS_MOVE = YES;
				CLANG_WARN_UNGUARDED_AVAILABILITY = YES_AGGRESSIVE;
				CLANG_WARN_UNREACHABLE_CODE = YES;
				CLANG_WARN__DUPLICATE_METHOD_MATCH = YES;
				COPY_PHASE_STRIP = NO;
				DEBUG_INFORMATION_FORMAT = dwarf;
				ENABLE_STRICT_OBJC_MSGSEND = YES;
				ENABLE_TESTABILITY = YES;
				ENABLE_USER_SCRIPT_SANDBOXING = YES;
				GCC_C_LANGUAGE_STANDARD = gnu17;
				GCC_DYNAMIC_NO_PIC = NO;
				GCC_NO_COMMON_BLOCKS = YES;
				GCC_OPTIMIZATION_LEVEL = 0;
				GCC_PREPROCESSOR_DEFINITIONS = (
					"DEBUG=1",
					"$(inherited)",
				);
				GCC_WARN_64_TO_32_BIT_CONVERSION = YES;
				GCC_WARN_ABOUT_RETURN_TYPE = YES_ERROR;
				GCC_WARN_UNDECLARED_SELECTOR = YES;
				GCC_WARN_UNINITIALIZED_AUTOS = YES_AGGRESSIVE;
				GCC_WARN_UNUSED_FUNCTION = YES;
				GCC_WARN_UNUSED_VARIABLE = YES;
				IPHONEOS_DEPLOYMENT_TARGET = 18.0;
				LOCALIZATION_PREFERS_STRING_CATALOGS = YES;
				MTL_ENABLE_DEBUG_INFO = INCLUDE_SOURCE;
				MTL_FAST_MATH = YES;
				ONLY_ACTIVE_ARCH = YES;
				SDKROOT = iphoneos;
				SWIFT_ACTIVE_COMPILATION_CONDITIONS = "DEBUG $(inherited)";
				SWIFT_OPTIMIZATION_LEVEL = "-Onone";
			};
			name = Debug;
		};
		49240C452CDBA93B00A32BC1 /* Release */ = {
			isa = XCBuildConfiguration;
			buildSettings = {
				ALWAYS_SEARCH_USER_PATHS = NO;
				ASSETCATALOG_COMPILER_GENERATE_SWIFT_ASSET_SYMBOL_EXTENSIONS = YES;
				CLANG_ANALYZER_NONNULL = YES;
				CLANG_ANALYZER_NUMBER_OBJECT_CONVERSION = YES_AGGRESSIVE;
				CLANG_CXX_LANGUAGE_STANDARD = "gnu++20";
				CLANG_ENABLE_MODULES = YES;
				CLANG_ENABLE_OBJC_ARC = YES;
				CLANG_ENABLE_OBJC_WEAK = YES;
				CLANG_WARN_BLOCK_CAPTURE_AUTORELEASING = YES;
				CLANG_WARN_BOOL_CONVERSION = YES;
				CLANG_WARN_COMMA = YES;
				CLANG_WARN_CONSTANT_CONVERSION = YES;
				CLANG_WARN_DEPRECATED_OBJC_IMPLEMENTATIONS = YES;
				CLANG_WARN_DIRECT_OBJC_ISA_USAGE = YES_ERROR;
				CLANG_WARN_DOCUMENTATION_COMMENTS = YES;
				CLANG_WARN_EMPTY_BODY = YES;
				CLANG_WARN_ENUM_CONVERSION = YES;
				CLANG_WARN_INFINITE_RECURSION = YES;
				CLANG_WARN_INT_CONVERSION = YES;
				CLANG_WARN_NON_LITERAL_NULL_CONVERSION = YES;
				CLANG_WARN_OBJC_IMPLICIT_RETAIN_SELF = YES;
				CLANG_WARN_OBJC_LITERAL_CONVERSION = YES;
				CLANG_WARN_OBJC_ROOT_CLASS = YES_ERROR;
				CLANG_WARN_QUOTED_INCLUDE_IN_FRAMEWORK_HEADER = YES;
				CLANG_WARN_RANGE_LOOP_ANALYSIS = YES;
				CLANG_WARN_STRICT_PROTOTYPES = YES;
				CLANG_WARN_SUSPICIOUS_MOVE = YES;
				CLANG_WARN_UNGUARDED_AVAILABILITY = YES_AGGRESSIVE;
				CLANG_WARN_UNREACHABLE_CODE = YES;
				CLANG_WARN__DUPLICATE_METHOD_MATCH = YES;
				COPY_PHASE_STRIP = NO;
				DEBUG_INFORMATION_FORMAT = "dwarf-with-dsym";
				ENABLE_NS_ASSERTIONS = NO;
				ENABLE_STRICT_OBJC_MSGSEND = YES;
				ENABLE_USER_SCRIPT_SANDBOXING = YES;
				GCC_C_LANGUAGE_STANDARD = gnu17;
				GCC_NO_COMMON_BLOCKS = YES;
				GCC_WARN_64_TO_32_BIT_CONVERSION = YES;
				GCC_WARN_ABOUT_RETURN_TYPE = YES_ERROR;
				GCC_WARN_UNDECLARED_SELECTOR = YES;
				GCC_WARN_UNINITIALIZED_AUTOS = YES_AGGRESSIVE;
				GCC_WARN_UNUSED_FUNCTION = YES;
				GCC_WARN_UNUSED_VARIABLE = YES;
				IPHONEOS_DEPLOYMENT_TARGET = 18.0;
				LOCALIZATION_PREFERS_STRING_CATALOGS = YES;
				MTL_ENABLE_DEBUG_INFO = NO;
				MTL_FAST_MATH = YES;
				SDKROOT = iphoneos;
				SWIFT_COMPILATION_MODE = wholemodule;
				VALIDATE_PRODUCT = YES;
			};
			name = Release;
		};
/* End XCBuildConfiguration section */

/* Begin XCConfigurationList section */
		49240C292CDBA93A00A32BC1 /* Build configuration list for PBXProject "TabBarControllerPAWAN" */ = {
			isa = XCConfigurationList;
			buildConfigurations = (
				49240C442CDBA93B00A32BC1 /* Debug */,
				49240C452CDBA93B00A32BC1 /* Release */,
			);
			defaultConfigurationIsVisible = 0;
			defaultConfigurationName = Release;
		};
		49240C412CDBA93B00A32BC1 /* Build configuration list for PBXNativeTarget "TabBarControllerPawPal" */ = {
			isa = XCConfigurationList;
			buildConfigurations = (
				49240C422CDBA93B00A32BC1 /* Debug */,
				49240C432CDBA93B00A32BC1 /* Release */,
			);
			defaultConfigurationIsVisible = 0;
			defaultConfigurationName = Release;
		};
/* End XCConfigurationList section */

/* Begin XCRemoteSwiftPackageReference section */
		35509CF22D0DF617005A25ED /* XCRemoteSwiftPackageReference "firebase-ios-sdk" */ = {
			isa = XCRemoteSwiftPackageReference;
			repositoryURL = "https://github.com/firebase/firebase-ios-sdk";
			requirement = {
				kind = upToNextMajorVersion;
				minimumVersion = 11.6.0;
			};
		};
/* End XCRemoteSwiftPackageReference section */

/* Begin XCSwiftPackageProductDependency section */
		35509CF32D0DF7B1005A25ED /* FirebaseAnalytics */ = {
			isa = XCSwiftPackageProductDependency;
			package = 35509CF22D0DF617005A25ED /* XCRemoteSwiftPackageReference "firebase-ios-sdk" */;
			productName = FirebaseAnalytics;
		};
		35509CF52D0DF7B1005A25ED /* FirebaseAnalyticsOnDeviceConversion */ = {
			isa = XCSwiftPackageProductDependency;
			package = 35509CF22D0DF617005A25ED /* XCRemoteSwiftPackageReference "firebase-ios-sdk" */;
			productName = FirebaseAnalyticsOnDeviceConversion;
		};
		35509CF72D0DF7B1005A25ED /* FirebaseAnalyticsWithoutAdIdSupport */ = {
			isa = XCSwiftPackageProductDependency;
			package = 35509CF22D0DF617005A25ED /* XCRemoteSwiftPackageReference "firebase-ios-sdk" */;
			productName = FirebaseAnalyticsWithoutAdIdSupport;
		};
		35509CF92D0DF7B1005A25ED /* FirebaseAppCheck */ = {
			isa = XCSwiftPackageProductDependency;
			package = 35509CF22D0DF617005A25ED /* XCRemoteSwiftPackageReference "firebase-ios-sdk" */;
			productName = FirebaseAppCheck;
		};
		35509CFB2D0DF7B1005A25ED /* FirebaseAppDistribution-Beta */ = {
			isa = XCSwiftPackageProductDependency;
			package = 35509CF22D0DF617005A25ED /* XCRemoteSwiftPackageReference "firebase-ios-sdk" */;
			productName = "FirebaseAppDistribution-Beta";
		};
		35509CFD2D0DF7B1005A25ED /* FirebaseAuth */ = {
			isa = XCSwiftPackageProductDependency;
			package = 35509CF22D0DF617005A25ED /* XCRemoteSwiftPackageReference "firebase-ios-sdk" */;
			productName = FirebaseAuth;
		};
		35509CFF2D0DF7B1005A25ED /* FirebaseAuthCombine-Community */ = {
			isa = XCSwiftPackageProductDependency;
			package = 35509CF22D0DF617005A25ED /* XCRemoteSwiftPackageReference "firebase-ios-sdk" */;
			productName = "FirebaseAuthCombine-Community";
		};
		35509D012D0DF7B1005A25ED /* FirebaseCore */ = {
			isa = XCSwiftPackageProductDependency;
			package = 35509CF22D0DF617005A25ED /* XCRemoteSwiftPackageReference "firebase-ios-sdk" */;
			productName = FirebaseCore;
		};
		35509D032D0DF7B1005A25ED /* FirebaseCrashlytics */ = {
			isa = XCSwiftPackageProductDependency;
			package = 35509CF22D0DF617005A25ED /* XCRemoteSwiftPackageReference "firebase-ios-sdk" */;
			productName = FirebaseCrashlytics;
		};
		35509D052D0DF7B1005A25ED /* FirebaseDatabase */ = {
			isa = XCSwiftPackageProductDependency;
			package = 35509CF22D0DF617005A25ED /* XCRemoteSwiftPackageReference "firebase-ios-sdk" */;
			productName = FirebaseDatabase;
		};
		35509D072D0DF7B1005A25ED /* FirebaseDynamicLinks */ = {
			isa = XCSwiftPackageProductDependency;
			package = 35509CF22D0DF617005A25ED /* XCRemoteSwiftPackageReference "firebase-ios-sdk" */;
			productName = FirebaseDynamicLinks;
		};
		35509D092D0DF7B1005A25ED /* FirebaseFirestore */ = {
			isa = XCSwiftPackageProductDependency;
			package = 35509CF22D0DF617005A25ED /* XCRemoteSwiftPackageReference "firebase-ios-sdk" */;
			productName = FirebaseFirestore;
		};
		35509D0B2D0DF7B1005A25ED /* FirebaseFirestoreCombine-Community */ = {
			isa = XCSwiftPackageProductDependency;
			package = 35509CF22D0DF617005A25ED /* XCRemoteSwiftPackageReference "firebase-ios-sdk" */;
			productName = "FirebaseFirestoreCombine-Community";
		};
		35509D0D2D0DF7B1005A25ED /* FirebaseFunctions */ = {
			isa = XCSwiftPackageProductDependency;
			package = 35509CF22D0DF617005A25ED /* XCRemoteSwiftPackageReference "firebase-ios-sdk" */;
			productName = FirebaseFunctions;
		};
		35509D0F2D0DF7B1005A25ED /* FirebaseFunctionsCombine-Community */ = {
			isa = XCSwiftPackageProductDependency;
			package = 35509CF22D0DF617005A25ED /* XCRemoteSwiftPackageReference "firebase-ios-sdk" */;
			productName = "FirebaseFunctionsCombine-Community";
		};
		35509D112D0DF7B1005A25ED /* FirebaseInAppMessaging-Beta */ = {
			isa = XCSwiftPackageProductDependency;
			package = 35509CF22D0DF617005A25ED /* XCRemoteSwiftPackageReference "firebase-ios-sdk" */;
			productName = "FirebaseInAppMessaging-Beta";
		};
		35509D132D0DF7B1005A25ED /* FirebaseInstallations */ = {
			isa = XCSwiftPackageProductDependency;
			package = 35509CF22D0DF617005A25ED /* XCRemoteSwiftPackageReference "firebase-ios-sdk" */;
			productName = FirebaseInstallations;
		};
		35509D152D0DF7B1005A25ED /* FirebaseMessaging */ = {
			isa = XCSwiftPackageProductDependency;
			package = 35509CF22D0DF617005A25ED /* XCRemoteSwiftPackageReference "firebase-ios-sdk" */;
			productName = FirebaseMessaging;
		};
		35509D172D0DF7B1005A25ED /* FirebasePerformance */ = {
			isa = XCSwiftPackageProductDependency;
			package = 35509CF22D0DF617005A25ED /* XCRemoteSwiftPackageReference "firebase-ios-sdk" */;
			productName = FirebasePerformance;
		};
		35509D192D0DF7B1005A25ED /* FirebaseRemoteConfig */ = {
			isa = XCSwiftPackageProductDependency;
			package = 35509CF22D0DF617005A25ED /* XCRemoteSwiftPackageReference "firebase-ios-sdk" */;
			productName = FirebaseRemoteConfig;
		};
		35509D1B2D0DF7B1005A25ED /* FirebaseStorage */ = {
			isa = XCSwiftPackageProductDependency;
			package = 35509CF22D0DF617005A25ED /* XCRemoteSwiftPackageReference "firebase-ios-sdk" */;
			productName = FirebaseStorage;
		};
		35509D1D2D0DF7B1005A25ED /* FirebaseStorageCombine-Community */ = {
			isa = XCSwiftPackageProductDependency;
			package = 35509CF22D0DF617005A25ED /* XCRemoteSwiftPackageReference "firebase-ios-sdk" */;
			productName = "FirebaseStorageCombine-Community";
		};
/* End XCSwiftPackageProductDependency section */
	};
	rootObject = 49240C262CDBA93A00A32BC1 /* Project object */;
}
